
Microsoft Visual Studio Solution File, Format Version 12.00
# Visual Studio Version 17
VisualStudioVersion = 17.1.32210.238
MinimumVisualStudioVersion = 10.0.40219.1
Project("{FAE04EC0-301F-11D3-BF4B-00C04F79EFBC}") = "Xml2Class", "Xml2Class\Xml2Class.csproj", "{6F6AB31C-281E-463B-AA29-DFA2B352BE2C}"
EndProject
Project("{FAE04EC0-301F-11D3-BF4B-00C04F79EFBC}") = "XmlTester", "XmlTester\XmlTester.csproj", "{C098898E-D1F6-4372-B5E6-93C288D30B01}"
EndProject
Project("{2150E333-8FDC-42A3-9474-1A3956D46DE8}") = "Solution Items", "Solution Items", "{F0D378ED-84EC-4F7C-942A-F8E0FE9435AB}"
	ProjectSection(SolutionItems) = preProject
		Readme.md = Readme.md
	EndProjectSection
EndProject
Global
	GlobalSection(SolutionConfigurationPlatforms) = preSolution
		Debug|Any CPU = Debug|Any CPU
		Release|Any CPU = Release|Any CPU
	EndGlobalSection
	GlobalSection(ProjectConfigurationPlatforms) = postSolution
		{6F6AB31C-281E-463B-AA29-DFA2B352BE2C}.Debug|Any CPU.ActiveCfg = Debug|Any CPU
		{6F6AB31C-281E-463B-AA29-DFA2B352BE2C}.Debug|Any CPU.Build.0 = Debug|Any CPU
		{6F6AB31C-281E-463B-AA29-DFA2B352BE2C}.Release|Any CPU.ActiveCfg = Release|Any CPU
		{6F6AB31C-281E-463B-AA29-DFA2B352BE2C}.Release|Any CPU.Build.0 = Release|Any CPU
		{C098898E-D1F6-4372-B5E6-93C288D30B01}.Debug|Any CPU.ActiveCfg = Debug|Any CPU
		{C098898E-D1F6-4372-B5E6-93C288D30B01}.Debug|Any CPU.Build.0 = Debug|Any CPU
		{C098898E-D1F6-4372-B5E6-93C288D30B01}.Release|Any CPU.ActiveCfg = Release|Any CPU
		{C098898E-D1F6-4372-B5E6-93C288D30B01}.Release|Any CPU.Build.0 = Release|Any CPU
	EndGlobalSection
	GlobalSection(SolutionProperties) = preSolution
		HideSolutionNode = FALSE
	EndGlobalSection
	GlobalSection(ExtensibilityGlobals) = postSolution
		SolutionGuid = {2681D81A-7504-4912-986B-8E63DE55EC8B}
	EndGlobalSection
EndGlobal
